// !$*UTF8*$!
{
	archiveVersion = 1;
	classes = {
	};
	objectVersion = 56;
	objects = {

/* Begin PBXBuildFile section */
		FF8092302AD834BC005ED6A9 /* FirebaseAssignmentApp.swift in Sources */ = {isa = PBXBuildFile; fileRef = FF80922F2AD834BC005ED6A9 /* FirebaseAssignmentApp.swift */; };
		FF8092322AD834BC005ED6A9 /* ContentView.swift in Sources */ = {isa = PBXBuildFile; fileRef = FF8092312AD834BC005ED6A9 /* ContentView.swift */; };
		FF8092342AD834BD005ED6A9 /* Assets.xcassets in Resources */ = {isa = PBXBuildFile; fileRef = FF8092332AD834BD005ED6A9 /* Assets.xcassets */; };
		FF8092372AD834BD005ED6A9 /* Preview Assets.xcassets in Resources */ = {isa = PBXBuildFile; fileRef = FF8092362AD834BD005ED6A9 /* Preview Assets.xcassets */; };
		FF80923F2AD83889005ED6A9 /* GoogleService-Info.plist in Resources */ = {isa = PBXBuildFile; fileRef = FF80923E2AD83889005ED6A9 /* GoogleService-Info.plist */; };
		FF8092422AD83A60005ED6A9 /* FirebaseAnalytics in Frameworks */ = {isa = PBXBuildFile; productRef = FF8092412AD83A60005ED6A9 /* FirebaseAnalytics */; };
		FF8092442AD83A60005ED6A9 /* FirebaseFirestore in Frameworks */ = {isa = PBXBuildFile; productRef = FF8092432AD83A60005ED6A9 /* FirebaseFirestore */; };
		FF8092482AD84261005ED6A9 /* TodoFirebase.swift in Sources */ = {isa = PBXBuildFile; fileRef = FF8092472AD84261005ED6A9 /* TodoFirebase.swift */; };
		FF80924A2AD849B6005ED6A9 /* ContentViewModel.swift in Sources */ = {isa = PBXBuildFile; fileRef = FF8092492AD849B6005ED6A9 /* ContentViewModel.swift */; };
		FF80924C2AD85D9C005ED6A9 /* TodoItem.swift in Sources */ = {isa = PBXBuildFile; fileRef = FF80924B2AD85D9C005ED6A9 /* TodoItem.swift */; };
/* End PBXBuildFile section */

/* Begin PBXFileReference section */
		FF80922C2AD834BC005ED6A9 /* FirebaseAssignment.app */ = {isa = PBXFileReference; explicitFileType = wrapper.application; includeInIndex = 0; path = FirebaseAssignment.app; sourceTree = BUILT_PRODUCTS_DIR; };
		FF80922F2AD834BC005ED6A9 /* FirebaseAssignmentApp.swift */ = {isa = PBXFileReference; lastKnownFileType = sourcecode.swift; path = FirebaseAssignmentApp.swift; sourceTree = "<group>"; };
		FF8092312AD834BC005ED6A9 /* ContentView.swift */ = {isa = PBXFileReference; lastKnownFileType = sourcecode.swift; path = ContentView.swift; sourceTree = "<group>"; };
		FF8092332AD834BD005ED6A9 /* Assets.xcassets */ = {isa = PBXFileReference; lastKnownFileType = folder.assetcatalog; path = Assets.xcassets; sourceTree = "<group>"; };
		FF8092362AD834BD005ED6A9 /* Preview Assets.xcassets */ = {isa = PBXFileReference; lastKnownFileType = folder.assetcatalog; path = "Preview Assets.xcassets"; sourceTree = "<group>"; };
		FF80923D2AD834D3005ED6A9 /* README.md */ = {isa = PBXFileReference; lastKnownFileType = net.daringfireball.markdown; path = README.md; sourceTree = "<group>"; };
		FF80923E2AD83889005ED6A9 /* GoogleService-Info.plist */ = {isa = PBXFileReference; fileEncoding = 4; lastKnownFileType = text.plist.xml; path = "GoogleService-Info.plist"; sourceTree = "<group>"; };
		FF8092472AD84261005ED6A9 /* TodoFirebase.swift */ = {isa = PBXFileReference; lastKnownFileType = sourcecode.swift; path = TodoFirebase.swift; sourceTree = "<group>"; };
		FF8092492AD849B6005ED6A9 /* ContentViewModel.swift */ = {isa = PBXFileReference; lastKnownFileType = sourcecode.swift; path = ContentViewModel.swift; sourceTree = "<group>"; };
		FF80924B2AD85D9C005ED6A9 /* TodoItem.swift */ = {isa = PBXFileReference; lastKnownFileType = sourcecode.swift; path = TodoItem.swift; sourceTree = "<group>"; };
/* End PBXFileReference section */

/* Begin PBXFrameworksBuildPhase section */
		FF8092292AD834BC005ED6A9 /* Frameworks */ = {
			isa = PBXFrameworksBuildPhase;
			buildActionMask = 2147483647;
			files = (
				FF8092422AD83A60005ED6A9 /* FirebaseAnalytics in Frameworks */,
				FF8092442AD83A60005ED6A9 /* FirebaseFirestore in Frameworks */,
			);
			runOnlyForDeploymentPostprocessing = 0;
		};
/* End PBXFrameworksBuildPhase section */

/* Begin PBXGroup section */
		FF8092232AD834BB005ED6A9 = {
			isa = PBXGroup;
			children = (
				FF80923D2AD834D3005ED6A9 /* README.md */,
				FF80922E2AD834BC005ED6A9 /* FirebaseAssignment */,
				FF80922D2AD834BC005ED6A9 /* Products */,
			);
			sourceTree = "<group>";
		};
		FF80922D2AD834BC005ED6A9 /* Products */ = {
			isa = PBXGroup;
			children = (
				FF80922C2AD834BC005ED6A9 /* FirebaseAssignment.app */,
			);
			name = Products;
			sourceTree = "<group>";
		};
		FF80922E2AD834BC005ED6A9 /* FirebaseAssignment */ = {
			isa = PBXGroup;
			children = (
				FF80922F2AD834BC005ED6A9 /* FirebaseAssignmentApp.swift */,
				FF8092312AD834BC005ED6A9 /* ContentView.swift */,
				FF8092492AD849B6005ED6A9 /* ContentViewModel.swift */,
				FF8092472AD84261005ED6A9 /* TodoFirebase.swift */,
				FF80924B2AD85D9C005ED6A9 /* TodoItem.swift */,
				FF80923E2AD83889005ED6A9 /* GoogleService-Info.plist */,
				FF8092332AD834BD005ED6A9 /* Assets.xcassets */,
				FF8092352AD834BD005ED6A9 /* Preview Content */,
			);
			path = FirebaseAssignment;
			sourceTree = "<group>";
		};
		FF8092352AD834BD005ED6A9 /* Preview Content */ = {
			isa = PBXGroup;
			children = (
				FF8092362AD834BD005ED6A9 /* Preview Assets.xcassets */,
			);
			path = "Preview Content";
			sourceTree = "<group>";
		};
/* End PBXGroup section */

/* Begin PBXNativeTarget section */
		FF80922B2AD834BC005ED6A9 /* FirebaseAssignment */ = {
			isa = PBXNativeTarget;
			buildConfigurationList = FF80923A2AD834BD005ED6A9 /* Build configuration list for PBXNativeTarget "FirebaseAssignment" */;
			buildPhases = (
				FF8092282AD834BC005ED6A9 /* Sources */,
				FF8092292AD834BC005ED6A9 /* Frameworks */,
				FF80922A2AD834BC005ED6A9 /* Resources */,
			);
			buildRules = (
			);
			dependencies = (
			);
			name = FirebaseAssignment;
			packageProductDependencies = (
				FF8092412AD83A60005ED6A9 /* FirebaseAnalytics */,
				FF8092432AD83A60005ED6A9 /* FirebaseFirestore */,
			);
			productName = FirebaseAssignment;
			productReference = FF80922C2AD834BC005ED6A9 /* FirebaseAssignment.app */;
			productType = "com.apple.product-type.application";
		};
/* End PBXNativeTarget section */

/* Begin PBXProject section */
		FF8092242AD834BB005ED6A9 /* Project object */ = {
			isa = PBXProject;
			attributes = {
				BuildIndependentTargetsInParallel = 1;
				LastSwiftUpdateCheck = 1420;
				LastUpgradeCheck = 1420;
				TargetAttributes = {
					FF80922B2AD834BC005ED6A9 = {
						CreatedOnToolsVersion = 14.2;
					};
				};
			};
			buildConfigurationList = FF8092272AD834BB005ED6A9 /* Build configuration list for PBXProject "FirebaseAssignment" */;
			compatibilityVersion = "Xcode 14.0";
			developmentRegion = en;
			hasScannedForEncodings = 0;
			knownRegions = (
				en,
				Base,
			);
			mainGroup = FF8092232AD834BB005ED6A9;
			packageReferences = (
				FF8092402AD83A60005ED6A9 /* XCRemoteSwiftPackageReference "firebase-ios-sdk" */,
			);
			productRefGroup = FF80922D2AD834BC005ED6A9 /* Products */;
			projectDirPath = "";
			projectRoot = "";
			targets = (
				FF80922B2AD834BC005ED6A9 /* FirebaseAssignment */,
			);
		};
/* End PBXProject section */

/* Begin PBXResourcesBuildPhase section */
		FF80922A2AD834BC005ED6A9 /* Resources */ = {
			isa = PBXResourcesBuildPhase;
			buildActionMask = 2147483647;
			files = (
				FF8092372AD834BD005ED6A9 /* Preview Assets.xcassets in Resources */,
				FF8092342AD834BD005ED6A9 /* Assets.xcassets in Resources */,
				FF80923F2AD83889005ED6A9 /* GoogleService-Info.plist in Resources */,
			);
			runOnlyForDeploymentPostprocessing = 0;
		};
/* End PBXResourcesBuildPhase section */

/* Begin PBXSourcesBuildPhase section */
		FF8092282AD834BC005ED6A9 /* Sources */ = {
			isa = PBXSourcesBuildPhase;
			buildActionMask = 2147483647;
			files = (
				FF80924C2AD85D9C005ED6A9 /* TodoItem.swift in Sources */,
				FF80924A2AD849B6005ED6A9 /* ContentViewModel.swift in Sources */,
				FF8092322AD834BC005ED6A9 /* ContentView.swift in Sources */,
				FF8092302AD834BC005ED6A9 /* FirebaseAssignmentApp.swift in Sources */,
				FF8092482AD84261005ED6A9 /* TodoFirebase.swift in Sources */,
			);
			runOnlyForDeploymentPostprocessing = 0;
		};
/* End PBXSourcesBuildPhase section */

/* Begin XCBuildConfiguration section */
		FF8092382AD834BD005ED6A9 /* Debug */ = {
			isa = XCBuildConfiguration;
			buildSettings = {
				ALWAYS_SEARCH_USER_PATHS = NO;
				CLANG_ANALYZER_NONNULL = YES;
				CLANG_ANALYZER_NUMBER_OBJECT_CONVERSION = YES_AGGRESSIVE;
				CLANG_CXX_LANGUAGE_STANDARD = "gnu++20";
				CLANG_ENABLE_MODULES = YES;
				CLANG_ENABLE_OBJC_ARC = YES;
				CLANG_ENABLE_OBJC_WEAK = YES;
				CLANG_WARN_BLOCK_CAPTURE_AUTORELEASING = YES;
				CLANG_WARN_BOOL_CONVERSION = YES;
				CLANG_WARN_COMMA = YES;
				CLANG_WARN_CONSTANT_CONVERSION = YES;
				CLANG_WARN_DEPRECATED_OBJC_IMPLEMENTATIONS = YES;
				CLANG_WARN_DIRECT_OBJC_ISA_USAGE = YES_ERROR;
				CLANG_WARN_DOCUMENTATION_COMMENTS = YES;
				CLANG_WARN_EMPTY_BODY = YES;
				CLANG_WARN_ENUM_CONVERSION = YES;
				CLANG_WARN_INFINITE_RECURSION = YES;
				CLANG_WARN_INT_CONVERSION = YES;
				CLANG_WARN_NON_LITERAL_NULL_CONVERSION = YES;
				CLANG_WARN_OBJC_IMPLICIT_RETAIN_SELF = YES;
				CLANG_WARN_OBJC_LITERAL_CONVERSION = YES;
				CLANG_WARN_OBJC_ROOT_CLASS = YES_ERROR;
				CLANG_WARN_QUOTED_INCLUDE_IN_FRAMEWORK_HEADER = YES;
				CLANG_WARN_RANGE_LOOP_ANALYSIS = YES;
				CLANG_WARN_STRICT_PROTOTYPES = YES;
				CLANG_WARN_SUSPICIOUS_MOVE = YES;
				CLANG_WARN_UNGUARDED_AVAILABILITY = YES_AGGRESSIVE;
				CLANG_WARN_UNREACHABLE_CODE = YES;
				CLANG_WARN__DUPLICATE_METHOD_MATCH = YES;
				COPY_PHASE_STRIP = NO;
				DEBUG_INFORMATION_FORMAT = dwarf;
				ENABLE_STRICT_OBJC_MSGSEND = YES;
				ENABLE_TESTABILITY = YES;
				GCC_C_LANGUAGE_STANDARD = gnu11;
				GCC_DYNAMIC_NO_PIC = NO;
				GCC_NO_COMMON_BLOCKS = YES;
				GCC_OPTIMIZATION_LEVEL = 0;
				GCC_PREPROCESSOR_DEFINITIONS = (
					"DEBUG=1",
					"$(inherited)",
				);
				GCC_WARN_64_TO_32_BIT_CONVERSION = YES;
				GCC_WARN_ABOUT_RETURN_TYPE = YES_ERROR;
				GCC_WARN_UNDECLARED_SELECTOR = YES;
				GCC_WARN_UNINITIALIZED_AUTOS = YES_AGGRESSIVE;
				GCC_WARN_UNUSED_FUNCTION = YES;
				GCC_WARN_UNUSED_VARIABLE = YES;
				IPHONEOS_DEPLOYMENT_TARGET = 16.2;
				MTL_ENABLE_DEBUG_INFO = INCLUDE_SOURCE;
				MTL_FAST_MATH = YES;
				ONLY_ACTIVE_ARCH = YES;
				SDKROOT = iphoneos;
				SWIFT_ACTIVE_COMPILATION_CONDITIONS = DEBUG;
				SWIFT_OPTIMIZATION_LEVEL = "-Onone";
			};
			name = Debug;
		};
		FF8092392AD834BD005ED6A9 /* Release */ = {
			isa = XCBuildConfiguration;
			buildSettings = {
				ALWAYS_SEARCH_USER_PATHS = NO;
				CLANG_ANALYZER_NONNULL = YES;
				CLANG_ANALYZER_NUMBER_OBJECT_CONVERSION = YES_AGGRESSIVE;
				CLANG_CXX_LANGUAGE_STANDARD = "gnu++20";
				CLANG_ENABLE_MODULES = YES;
				CLANG_ENABLE_OBJC_ARC = YES;
				CLANG_ENABLE_OBJC_WEAK = YES;
				CLANG_WARN_BLOCK_CAPTURE_AUTORELEASING = YES;
				CLANG_WARN_BOOL_CONVERSION = YES;
				CLANG_WARN_COMMA = YES;
				CLANG_WARN_CONSTANT_CONVERSION = YES;
				CLANG_WARN_DEPRECATED_OBJC_IMPLEMENTATIONS = YES;
				CLANG_WARN_DIRECT_OBJC_ISA_USAGE = YES_ERROR;
				CLANG_WARN_DOCUMENTATION_COMMENTS = YES;
				CLANG_WARN_EMPTY_BODY = YES;
				CLANG_WARN_ENUM_CONVERSION = YES;
				CLANG_WARN_INFINITE_RECURSION = YES;
				CLANG_WARN_INT_CONVERSION = YES;
				CLANG_WARN_NON_LITERAL_NULL_CONVERSION = YES;
				CLANG_WARN_OBJC_IMPLICIT_RETAIN_SELF = YES;
				CLANG_WARN_OBJC_LITERAL_CONVERSION = YES;
				CLANG_WARN_OBJC_ROOT_CLASS = YES_ERROR;
				CLANG_WARN_QUOTED_INCLUDE_IN_FRAMEWORK_HEADER = YES;
				CLANG_WARN_RANGE_LOOP_ANALYSIS = YES;
				CLANG_WARN_STRICT_PROTOTYPES = YES;
				CLANG_WARN_SUSPICIOUS_MOVE = YES;
				CLANG_WARN_UNGUARDED_AVAILABILITY = YES_AGGRESSIVE;
				CLANG_WARN_UNREACHABLE_CODE = YES;
				CLANG_WARN__DUPLICATE_METHOD_MATCH = YES;
				COPY_PHASE_STRIP = NO;
				DEBUG_INFORMATION_FORMAT = "dwarf-with-dsym";
				ENABLE_NS_ASSERTIONS = NO;
				ENABLE_STRICT_OBJC_MSGSEND = YES;
				GCC_C_LANGUAGE_STANDARD = gnu11;
				GCC_NO_COMMON_BLOCKS = YES;
				GCC_WARN_64_TO_32_BIT_CONVERSION = YES;
				GCC_WARN_ABOUT_RETURN_TYPE = YES_ERROR;
				GCC_WARN_UNDECLARED_SELECTOR = YES;
				GCC_WARN_UNINITIALIZED_AUTOS = YES_AGGRESSIVE;
				GCC_WARN_UNUSED_FUNCTION = YES;
				GCC_WARN_UNUSED_VARIABLE = YES;
				IPHONEOS_DEPLOYMENT_TARGET = 16.2;
				MTL_ENABLE_DEBUG_INFO = NO;
				MTL_FAST_MATH = YES;
				SDKROOT = iphoneos;
				SWIFT_COMPILATION_MODE = wholemodule;
				SWIFT_OPTIMIZATION_LEVEL = "-O";
				VALIDATE_PRODUCT = YES;
			};
			name = Release;
		};
		FF80923B2AD834BD005ED6A9 /* Debug */ = {
			isa = XCBuildConfiguration;
			buildSettings = {
				ASSETCATALOG_COMPILER_APPICON_NAME = AppIcon;
				ASSETCATALOG_COMPILER_GLOBAL_ACCENT_COLOR_NAME = AccentColor;
				CODE_SIGN_STYLE = Automatic;
				CURRENT_PROJECT_VERSION = 1;
				DEVELOPMENT_ASSET_PATHS = "\"FirebaseAssignment/Preview Content\"";
				DEVELOPMENT_TEAM = Y7NL9XLUR5;
				ENABLE_PREVIEWS = YES;
				GENERATE_INFOPLIST_FILE = YES;
				INFOPLIST_KEY_UIApplicationSceneManifest_Generation = YES;
				INFOPLIST_KEY_UIApplicationSupportsIndirectInputEvents = YES;
				INFOPLIST_KEY_UILaunchScreen_Generation = YES;
				INFOPLIST_KEY_UISupportedInterfaceOrientations_iPad = "UIInterfaceOrientationPortrait UIInterfaceOrientationPortraitUpsideDown UIInterfaceOrientationLandscapeLeft UIInterfaceOrientationLandscapeRight";
				INFOPLIST_KEY_UISupportedInterfaceOrientations_iPhone = "UIInterfaceOrientationPortrait UIInterfaceOrientationLandscapeLeft UIInterfaceOrientationLandscapeRight";
				LD_RUNPATH_SEARCH_PATHS = (
					"$(inherited)",
					"@executable_path/Frameworks",
				);
				MARKETING_VERSION = 1.0;
				PRODUCT_BUNDLE_IDENTIFIER = io.noahsadir.FirebaseAssignment;
				PRODUCT_NAME = "$(TARGET_NAME)";
				SWIFT_EMIT_LOC_STRINGS = YES;
				SWIFT_VERSION = 5.0;
				TARGETED_DEVICE_FAMILY = "1,2";
			};
			name = Debug;
		};
		FF80923C2AD834BD005ED6A9 /* Release */ = {
			isa = XCBuildConfiguration;
			buildSettings = {
				ASSETCATALOG_COMPILER_APPICON_NAME = AppIcon;
				ASSETCATALOG_COMPILER_GLOBAL_ACCENT_COLOR_NAME = AccentColor;
				CODE_SIGN_STYLE = Automatic;
				CURRENT_PROJECT_VERSION = 1;
				DEVELOPMENT_ASSET_PATHS = "\"FirebaseAssignment/Preview Content\"";
				DEVELOPMENT_TEAM = Y7NL9XLUR5;
				ENABLE_PREVIEWS = YES;
				GENERATE_INFOPLIST_FILE = YES;
				INFOPLIST_KEY_UIApplicationSceneManifest_Generation = YES;
				INFOPLIST_KEY_UIApplicationSupportsIndirectInputEvents = YES;
				INFOPLIST_KEY_UILaunchScreen_Generation = YES;
				INFOPLIST_KEY_UISupportedInterfaceOrientations_iPad = "UIInterfaceOrientationPortrait UIInterfaceOrientationPortraitUpsideDown UIInterfaceOrientationLandscapeLeft UIInterfaceOrientationLandscapeRight";
				INFOPLIST_KEY_UISupportedInterfaceOrientations_iPhone = "UIInterfaceOrientationPortrait UIInterfaceOrientationLandscapeLeft UIInterfaceOrientationLandscapeRight";
				LD_RUNPATH_SEARCH_PATHS = (
					"$(inherited)",
					"@executable_path/Frameworks",
				);
				MARKETING_VERSION = 1.0;
				PRODUCT_BUNDLE_IDENTIFIER = io.noahsadir.FirebaseAssignment;
				PRODUCT_NAME = "$(TARGET_NAME)";
				SWIFT_EMIT_LOC_STRINGS = YES;
				SWIFT_VERSION = 5.0;
				TARGETED_DEVICE_FAMILY = "1,2";
			};
			name = Release;
		};
/* End XCBuildConfiguration section */

/* Begin XCConfigurationList section */
		FF8092272AD834BB005ED6A9 /* Build configuration list for PBXProject "FirebaseAssignment" */ = {
			isa = XCConfigurationList;
			buildConfigurations = (
				FF8092382AD834BD005ED6A9 /* Debug */,
				FF8092392AD834BD005ED6A9 /* Release */,
			);
			defaultConfigurationIsVisible = 0;
			defaultConfigurationName = Release;
		};
		FF80923A2AD834BD005ED6A9 /* Build configuration list for PBXNativeTarget "FirebaseAssignment" */ = {
			isa = XCConfigurationList;
			buildConfigurations = (
				FF80923B2AD834BD005ED6A9 /* Debug */,
				FF80923C2AD834BD005ED6A9 /* Release */,
			);
			defaultConfigurationIsVisible = 0;
			defaultConfigurationName = Release;
		};
/* End XCConfigurationList section */

/* Begin XCRemoteSwiftPackageReference section */
		FF8092402AD83A60005ED6A9 /* XCRemoteSwiftPackageReference "firebase-ios-sdk" */ = {
			isa = XCRemoteSwiftPackageReference;
			repositoryURL = "https://github.com/firebase/firebase-ios-sdk";
			requirement = {
				kind = upToNextMajorVersion;
				minimumVersion = 9.0.0;
			};
		};
/* End XCRemoteSwiftPackageReference section */

/* Begin XCSwiftPackageProductDependency section */
		FF8092412AD83A60005ED6A9 /* FirebaseAnalytics */ = {
			isa = XCSwiftPackageProductDependency;
			package = FF8092402AD83A60005ED6A9 /* XCRemoteSwiftPackageReference "firebase-ios-sdk" */;
			productName = FirebaseAnalytics;
		};
		FF8092432AD83A60005ED6A9 /* FirebaseFirestore */ = {
			isa = XCSwiftPackageProductDependency;
			package = FF8092402AD83A60005ED6A9 /* XCRemoteSwiftPackageReference "firebase-ios-sdk" */;
			productName = FirebaseFirestore;
		};
/* End XCSwiftPackageProductDependency section */
	};
	rootObject = FF8092242AD834BB005ED6A9 /* Project object */;
}
